
Microsoft Visual Studio Solution File, Format Version 11.00
# Visual Studio 2010
Project("{FAE04EC0-301F-11D3-BF4B-00C04F79EFBC}") = "Poker", "Poker\Poker.csproj", "{D4DDB0AD-B017-437D-93F4-D189D11986B6}"
EndProject
Project("{FAE04EC0-301F-11D3-BF4B-00C04F79EFBC}") = "Poker.Tests", "Poker.Tests\Poker.Tests.csproj", "{EA4E7D9E-0901-4F84-9673-10081B5B0986}"
EndProject
Global
	GlobalSection(SolutionConfigurationPlatforms) = preSolution
		Debug|Any CPU = Debug|Any CPU
		Debug|Mixed Platforms = Debug|Mixed Platforms
		Debug|x86 = Debug|x86
		Release|Any CPU = Release|Any CPU
		Release|Mixed Platforms = Release|Mixed Platforms
		Release|x86 = Release|x86
	EndGlobalSection
	GlobalSection(ProjectConfigurationPlatforms) = postSolution
		{D4DDB0AD-B017-437D-93F4-D189D11986B6}.Debug|Any CPU.ActiveCfg = Debug|x86
		{D4DDB0AD-B017-437D-93F4-D189D11986B6}.Debug|Mixed Platforms.ActiveCfg = Debug|x86
		{D4DDB0AD-B017-437D-93F4-D189D11986B6}.Debug|Mixed Platforms.Build.0 = Debug|x86
		{D4DDB0AD-B017-437D-93F4-D189D11986B6}.Debug|x86.ActiveCfg = Debug|x86
		{D4DDB0AD-B017-437D-93F4-D189D11986B6}.Debug|x86.Build.0 = Debug|x86
		{D4DDB0AD-B017-437D-93F4-D189D11986B6}.Release|Any CPU.ActiveCfg = Release|x86
		{D4DDB0AD-B017-437D-93F4-D189D11986B6}.Release|Mixed Platforms.ActiveCfg = Release|x86
		{D4DDB0AD-B017-437D-93F4-D189D11986B6}.Release|Mixed Platforms.Build.0 = Release|x86
		{D4DDB0AD-B017-437D-93F4-D189D11986B6}.Release|x86.ActiveCfg = Release|x86
		{D4DDB0AD-B017-437D-93F4-D189D11986B6}.Release|x86.Build.0 = Release|x86
		{EA4E7D9E-0901-4F84-9673-10081B5B0986}.Debug|Any CPU.ActiveCfg = Debug|Any CPU
		{EA4E7D9E-0901-4F84-9673-10081B5B0986}.Debug|Any CPU.Build.0 = Debug|Any CPU
		{EA4E7D9E-0901-4F84-9673-10081B5B0986}.Debug|Mixed Platforms.ActiveCfg = Debug|Any CPU
		{EA4E7D9E-0901-4F84-9673-10081B5B0986}.Debug|Mixed Platforms.Build.0 = Debug|Any CPU
		{EA4E7D9E-0901-4F84-9673-10081B5B0986}.Debug|x86.ActiveCfg = Debug|Any CPU
		{EA4E7D9E-0901-4F84-9673-10081B5B0986}.Release|Any CPU.ActiveCfg = Release|Any CPU
		{EA4E7D9E-0901-4F84-9673-10081B5B0986}.Release|Any CPU.Build.0 = Release|Any CPU
		{EA4E7D9E-0901-4F84-9673-10081B5B0986}.Release|Mixed Platforms.ActiveCfg = Release|Any CPU
		{EA4E7D9E-0901-4F84-9673-10081B5B0986}.Release|Mixed Platforms.Build.0 = Release|Any CPU
		{EA4E7D9E-0901-4F84-9673-10081B5B0986}.Release|x86.ActiveCfg = Release|Any CPU
	EndGlobalSection
	GlobalSection(SolutionProperties) = preSolution
		HideSolutionNode = FALSE
	EndGlobalSection
EndGlobal
